
Microsoft Visual Studio Solution File, Format Version 12.00
# Visual Studio Version 16
VisualStudioVersion = 16.0.33920.266
MinimumVisualStudioVersion = 10.0.40219.1
Project("{FAE04EC0-301F-11D3-BF4B-00C04F79EFBC}") = "hotel", "hotel.csproj", "{400546C2-FFBD-472B-9789-DB9F37A7632E}"
EndProject
Global
	GlobalSection(SolutionConfigurationPlatforms) = preSolution
		Debug|Any CPU = Debug|Any CPU
		Release|Any CPU = Release|Any CPU
	EndGlobalSection
	GlobalSection(ProjectConfigurationPlatforms) = postSolution
		{400546C2-FFBD-472B-9789-DB9F37A7632E}.Debug|Any CPU.ActiveCfg = Debug|Any CPU
		{400546C2-FFBD-472B-9789-DB9F37A7632E}.Debug|Any CPU.Build.0 = Debug|Any CPU
		{400546C2-FFBD-472B-9789-DB9F37A7632E}.Release|Any CPU.ActiveCfg = Release|Any CPU
		{400546C2-FFBD-472B-9789-DB9F37A7632E}.Release|Any CPU.Build.0 = Release|Any CPU
	EndGlobalSection
	GlobalSection(SolutionProperties) = preSolution
		HideSolutionNode = FALSE
	EndGlobalSection
	GlobalSection(ExtensibilityGlobals) = postSolution
		SolutionGuid = {3698EDF3-61D1-4D79-B463-41A749196062}
	EndGlobalSection
EndGlobal
